Microsoft Visual Studio Solution File, Format Version 12.00
# Visual Studio Version 17
VisualStudioVersion = 17.5.2.0
MinimumVisualStudioVersion = 10.0.40219.1
Project("{FAE04EC0-301F-11D3-BF4B-00C04F79EFBC}") = "Loja", "Loja.csproj", "{0CCF54D7-D46C-3C5A-D801-37D70EFC3A4F}"
EndProject
Global
	GlobalSection(SolutionConfigurationPlatforms) = preSolution
		Debug|Any CPU = Debug|Any CPU
		Release|Any CPU = Release|Any CPU
	EndGlobalSection
	GlobalSection(ProjectConfigurationPlatforms) = postSolution
		{0CCF54D7-D46C-3C5A-D801-37D70EFC3A4F}.Debug|Any CPU.ActiveCfg = Debug|Any CPU
		{0CCF54D7-D46C-3C5A-D801-37D70EFC3A4F}.Debug|Any CPU.Build.0 = Debug|Any CPU
		{0CCF54D7-D46C-3C5A-D801-37D70EFC3A4F}.Release|Any CPU.ActiveCfg = Release|Any CPU
		{0CCF54D7-D46C-3C5A-D801-37D70EFC3A4F}.Release|Any CPU.Build.0 = Release|Any CPU
	EndGlobalSection
	GlobalSection(SolutionProperties) = preSolution
		HideSolutionNode = FALSE
	EndGlobalSection
	GlobalSection(ExtensibilityGlobals) = postSolution
		SolutionGuid = {380AFABC-05BA-435E-AFB8-80C94692C64D}
	EndGlobalSection
EndGlobal
